{
  "requires": true,
  "lockfileVersion": 1,
  "dependencies": {
    "@types/html-entities": {
      "version": "1.2.16",
      "resolved": "https://registry.npmjs.org/@types/html-entities/-/html-entities-1.2.16.tgz",
      "integrity": "sha512-CI6fHfFvkTtX2Nlr4JBA6yIFTfA4p9E6w9ky64X6PrfXiTALhUh/SOa+Sxvv2p87m+y5AH71lAUrx0lSYx4hKQ==",
      "dev": true
    },
    "@types/node": {
      "version": "10.3.5",
      "resolved": "https://registry.npmjs.org/@types/node/-/node-10.3.5.tgz",
      "integrity": "sha512-6lRwZN0Y3TuglwaaZN2XPocobmzLlhxcqDjKFjNYSsXG/TFAGYkCqkzZh4+ms8iTHHQE6gJXLHPV7TziVGeWhg==",
      "dev": true
    },
    "@types/paper": {
      "version": "0.9.15",
      "resolved": "https://registry.npmjs.org/@types/paper/-/paper-0.9.15.tgz",
      "integrity": "sha512-JR5PKBh1m38oKNYMN5CU01cmlmM56VDa93A8QZt8Mw4qIj7sOh92aB6+5x/mMPSNnwWkuSPEumSs/Vd7MjCx2w=="
    },
    "typescript": {
      "version": "2.9.2",
      "resolved": "https://registry.npmjs.org/typescript/-/typescript-2.9.2.tgz",
      "integrity": "sha512-Gr4p6nFNaoufRIY4NMdpQRNmgxVIGMs4Fcu/ujdYk3nAZqk7supzBE9idmvfZIlH/Cuj//dvi+019qEue9lV0w==",
      "dev": true
    }
  }
}
